
Microsoft Visual Studio Solution File, Format Version 12.00
# Visual Studio 2015
Project("{FAE04EC0-301F-11D3-BF4B-00C04F79EFBC}") = "Assembly-CSharp", "Assembly-CSharp.csproj", "{E67F3261-2122-9ADC-D9B0-8A1502A7A3EA}"
EndProject
Global
	GlobalSection(SolutionConfigurationPlatforms) = preSolution
		Debug|Any CPU = Debug|Any CPU
		Release|Any CPU = Release|Any CPU
	EndGlobalSection
	GlobalSection(ProjectConfigurationPlatforms) = postSolution
		{E67F3261-2122-9ADC-D9B0-8A1502A7A3EA}.Debug|Any CPU.ActiveCfg = Debug|Any CPU
		{E67F3261-2122-9ADC-D9B0-8A1502A7A3EA}.Debug|Any CPU.Build.0 = Debug|Any CPU
		{E67F3261-2122-9ADC-D9B0-8A1502A7A3EA}.Release|Any CPU.ActiveCfg = Release|Any CPU
		{E67F3261-2122-9ADC-D9B0-8A1502A7A3EA}.Release|Any CPU.Build.0 = Release|Any CPU
	EndGlobalSection
	GlobalSection(SolutionProperties) = preSolution
		HideSolutionNode = FALSE
	EndGlobalSection
EndGlobal
